
Microsoft Visual Studio Solution File, Format Version 12.00
# SQL Server Management Studio Version 21
VisualStudioVersion = 17.14.36127.28 d17.14
MinimumVisualStudioVersion = 10.0.40219.1
Project("{4F2E2C19-372F-40D8-9FA7-9D2138C6997A}") = "Grupo08", "Grupo08.ssmssqlproj", "{C29BFCF6-7428-1E22-6509-EF2DEEC00C7C}"
EndProject
Global
	GlobalSection(SolutionConfigurationPlatforms) = preSolution
		Default|Default = Default|Default
	EndGlobalSection
	GlobalSection(ProjectConfigurationPlatforms) = postSolution
		{C29BFCF6-7428-1E22-6509-EF2DEEC00C7C}.Default|Default.ActiveCfg = Default
		{88230803-1535-4EB8-A624-82E93F8D3D48}.Default|Default.ActiveCfg = Default
	EndGlobalSection
	GlobalSection(SolutionProperties) = preSolution
		HideSolutionNode = FALSE
	EndGlobalSection
	GlobalSection(ExtensibilityGlobals) = postSolution
		SolutionGuid = {9C2FA968-126E-4260-80E8-820E7456AC8B}
	EndGlobalSection
EndGlobal
